Microsoft Visual Studio Solution File, Format Version 12.00
# Visual Studio Version 17
VisualStudioVersion = 17.5.2.0
MinimumVisualStudioVersion = 10.0.40219.1
Project("{FAE04EC0-301F-11D3-BF4B-00C04F79EFBC}") = "RASharp", "RASharp.csproj", "{75950213-79CD-756F-4C8B-858B9B44CF58}"
EndProject
Global
	GlobalSection(SolutionConfigurationPlatforms) = preSolution
		Debug|Any CPU = Debug|Any CPU
		Release|Any CPU = Release|Any CPU
	EndGlobalSection
	GlobalSection(ProjectConfigurationPlatforms) = postSolution
		{75950213-79CD-756F-4C8B-858B9B44CF58}.Debug|Any CPU.ActiveCfg = Debug|Any CPU
		{75950213-79CD-756F-4C8B-858B9B44CF58}.Debug|Any CPU.Build.0 = Debug|Any CPU
		{75950213-79CD-756F-4C8B-858B9B44CF58}.Release|Any CPU.ActiveCfg = Release|Any CPU
		{75950213-79CD-756F-4C8B-858B9B44CF58}.Release|Any CPU.Build.0 = Release|Any CPU
	EndGlobalSection
	GlobalSection(SolutionProperties) = preSolution
		HideSolutionNode = FALSE
	EndGlobalSection
	GlobalSection(ExtensibilityGlobals) = postSolution
		SolutionGuid = {27DB3C1E-A9CE-4FAF-863B-0EEA3B0BC4AD}
	EndGlobalSection
EndGlobal
